// !$*UTF8*$!
{
	archiveVersion = 1;
	classes = {
	};
	objectVersion = 46;
	objects = {

/* Begin PBXBuildFile section */
		03318B911ED5A89E003DE862 /* AppDelegate.swift in Sources */ = {isa = PBXBuildFile; fileRef = 03318B901ED5A89E003DE862 /* AppDelegate.swift */; };
		03318B931ED5A89E003DE862 /* ViewController.swift in Sources */ = {isa = PBXBuildFile; fileRef = 03318B921ED5A89E003DE862 /* ViewController.swift */; };
		03318B961ED5A89E003DE862 /* Main.storyboard in Resources */ = {isa = PBXBuildFile; fileRef = 03318B941ED5A89E003DE862 /* Main.storyboard */; };
		03318B981ED5A89E003DE862 /* Assets.xcassets in Resources */ = {isa = PBXBuildFile; fileRef = 03318B971ED5A89E003DE862 /* Assets.xcassets */; };
		03318B9B1ED5A89E003DE862 /* LaunchScreen.storyboard in Resources */ = {isa = PBXBuildFile; fileRef = 03318B991ED5A89E003DE862 /* LaunchScreen.storyboard */; };
		03318BA61ED5A89E003DE862 /* SwiftModelKVCExampleTests.swift in Sources */ = {isa = PBXBuildFile; fileRef = 03318BA51ED5A89E003DE862 /* SwiftModelKVCExampleTests.swift */; };
		03318BB11ED5A89E003DE862 /* SwiftModelKVCExampleUITests.swift in Sources */ = {isa = PBXBuildFile; fileRef = 03318BB01ED5A89E003DE862 /* SwiftModelKVCExampleUITests.swift */; };
/* End PBXBuildFile section */

/* Begin PBXContainerItemProxy section */
		03318BA21ED5A89E003DE862 /* PBXContainerItemProxy */ = {
			isa = PBXContainerItemProxy;
			containerPortal = 03318B851ED5A89E003DE862 /* Project object */;
			proxyType = 1;
			remoteGlobalIDString = 03318B8C1ED5A89E003DE862;
			remoteInfo = SwiftModelKVCExample;
		};
		03318BAD1ED5A89E003DE862 /* PBXContainerItemProxy */ = {
			isa = PBXContainerItemProxy;
			containerPortal = 03318B851ED5A89E003DE862 /* Project object */;
			proxyType = 1;
			remoteGlobalIDString = 03318B8C1ED5A89E003DE862;
			remoteInfo = SwiftModelKVCExample;
		};
/* End PBXContainerItemProxy section */

/* Begin PBXFileReference section */
		03318B8D1ED5A89E003DE862 /* SwiftModelKVCExample.app */ = {isa = PBXFileReference; explicitFileType = wrapper.application; includeInIndex = 0; path = SwiftModelKVCExample.app; sourceTree = BUILT_PRODUCTS_DIR; };
		03318B901ED5A89E003DE862 /* AppDelegate.swift */ = {isa = PBXFileReference; lastKnownFileType = sourcecode.swift; path = AppDelegate.swift; sourceTree = "<group>"; };
		03318B921ED5A89E003DE862 /* ViewController.swift */ = {isa = PBXFileReference; lastKnownFileType = sourcecode.swift; path = ViewController.swift; sourceTree = "<group>"; };
		03318B951ED5A89E003DE862 /* Base */ = {isa = PBXFileReference; lastKnownFileType = file.storyboard; name = Base; path = Base.lproj/Main.storyboard; sourceTree = "<group>"; };
		03318B971ED5A89E003DE862 /* Assets.xcassets */ = {isa = PBXFileReference; lastKnownFileType = folder.assetcatalog; path = Assets.xcassets; sourceTree = "<group>"; };
		03318B9A1ED5A89E003DE862 /* Base */ = {isa = PBXFileReference; lastKnownFileType = file.storyboard; name = Base; path = Base.lproj/LaunchScreen.storyboard; sourceTree = "<group>"; };
		03318B9C1ED5A89E003DE862 /* Info.plist */ = {isa = PBXFileReference; lastKnownFileType = text.plist.xml; path = Info.plist; sourceTree = "<group>"; };
		03318BA11ED5A89E003DE862 /* SwiftModelKVCExampleTests.xctest */ = {isa = PBXFileReference; explicitFileType = wrapper.cfbundle; includeInIndex = 0; path = SwiftModelKVCExampleTests.xctest; sourceTree = BUILT_PRODUCTS_DIR; };
		03318BA51ED5A89E003DE862 /* SwiftModelKVCExampleTests.swift */ = {isa = PBXFileReference; lastKnownFileType = sourcecode.swift; path = SwiftModelKVCExampleTests.swift; sourceTree = "<group>"; };
		03318BA71ED5A89E003DE862 /* Info.plist */ = {isa = PBXFileReference; lastKnownFileType = text.plist.xml; path = Info.plist; sourceTree = "<group>"; };
		03318BAC1ED5A89E003DE862 /* SwiftModelKVCExampleUITests.xctest */ = {isa = PBXFileReference; explicitFileType = wrapper.cfbundle; includeInIndex = 0; path = SwiftModelKVCExampleUITests.xctest; sourceTree = BUILT_PRODUCTS_DIR; };
		03318BB01ED5A89E003DE862 /* SwiftModelKVCExampleUITests.swift */ = {isa = PBXFileReference; lastKnownFileType = sourcecode.swift; path = SwiftModelKVCExampleUITests.swift; sourceTree = "<group>"; };
		03318BB21ED5A89E003DE862 /* Info.plist */ = {isa = PBXFileReference; lastKnownFileType = text.plist.xml; path = Info.plist; sourceTree = "<group>"; };
/* End PBXFileReference section */

/* Begin PBXFrameworksBuildPhase section */
		03318B8A1ED5A89E003DE862 /* Frameworks */ = {
			isa = PBXFrameworksBuildPhase;
			buildActionMask = 2147483647;
			files = (
			);
			runOnlyForDeploymentPostprocessing = 0;
		};
		03318B9E1ED5A89E003DE862 /* Frameworks */ = {
			isa = PBXFrameworksBuildPhase;
			buildActionMask = 2147483647;
			files = (
			);
			runOnlyForDeploymentPostprocessing = 0;
		};
		03318BA91ED5A89E003DE862 /* Frameworks */ = {
			isa = PBXFrameworksBuildPhase;
			buildActionMask = 2147483647;
			files = (
			);
			runOnlyForDeploymentPostprocessing = 0;
		};
/* End PBXFrameworksBuildPhase section */

/* Begin PBXGroup section */
		03318B841ED5A89E003DE862 = {
			isa = PBXGroup;
			children = (
				03318B8F1ED5A89E003DE862 /* SwiftModelKVCExample */,
				03318BA41ED5A89E003DE862 /* SwiftModelKVCExampleTests */,
				03318BAF1ED5A89E003DE862 /* SwiftModelKVCExampleUITests */,
				03318B8E1ED5A89E003DE862 /* Products */,
			);
			sourceTree = "<group>";
		};
		03318B8E1ED5A89E003DE862 /* Products */ = {
			isa = PBXGroup;
			children = (
				03318B8D1ED5A89E003DE862 /* SwiftModelKVCExample.app */,
				03318BA11ED5A89E003DE862 /* SwiftModelKVCExampleTests.xctest */,
				03318BAC1ED5A89E003DE862 /* SwiftModelKVCExampleUITests.xctest */,
			);
			name = Products;
			sourceTree = "<group>";
		};
		03318B8F1ED5A89E003DE862 /* SwiftModelKVCExample */ = {
			isa = PBXGroup;
			children = (
				03318B901ED5A89E003DE862 /* AppDelegate.swift */,
				03318B921ED5A89E003DE862 /* ViewController.swift */,
				03318B941ED5A89E003DE862 /* Main.storyboard */,
				03318B971ED5A89E003DE862 /* Assets.xcassets */,
				03318B991ED5A89E003DE862 /* LaunchScreen.storyboard */,
				03318B9C1ED5A89E003DE862 /* Info.plist */,
			);
			path = SwiftModelKVCExample;
			sourceTree = "<group>";
		};
		03318BA41ED5A89E003DE862 /* SwiftModelKVCExampleTests */ = {
			isa = PBXGroup;
			children = (
				03318BA51ED5A89E003DE862 /* SwiftModelKVCExampleTests.swift */,
				03318BA71ED5A89E003DE862 /* Info.plist */,
			);
			path = SwiftModelKVCExampleTests;
			sourceTree = "<group>";
		};
		03318BAF1ED5A89E003DE862 /* SwiftModelKVCExampleUITests */ = {
			isa = PBXGroup;
			children = (
				03318BB01ED5A89E003DE862 /* SwiftModelKVCExampleUITests.swift */,
				03318BB21ED5A89E003DE862 /* Info.plist */,
			);
			path = SwiftModelKVCExampleUITests;
			sourceTree = "<group>";
		};
/* End PBXGroup section */

/* Begin PBXNativeTarget section */
		03318B8C1ED5A89E003DE862 /* SwiftModelKVCExample */ = {
			isa = PBXNativeTarget;
			buildConfigurationList = 03318BB51ED5A89E003DE862 /* Build configuration list for PBXNativeTarget "SwiftModelKVCExample" */;
			buildPhases = (
				03318B891ED5A89E003DE862 /* Sources */,
				03318B8A1ED5A89E003DE862 /* Frameworks */,
				03318B8B1ED5A89E003DE862 /* Resources */,
			);
			buildRules = (
			);
			dependencies = (
			);
			name = SwiftModelKVCExample;
			productName = SwiftModelKVCExample;
			productReference = 03318B8D1ED5A89E003DE862 /* SwiftModelKVCExample.app */;
			productType = "com.apple.product-type.application";
		};
		03318BA01ED5A89E003DE862 /* SwiftModelKVCExampleTests */ = {
			isa = PBXNativeTarget;
			buildConfigurationList = 03318BB81ED5A89E003DE862 /* Build configuration list for PBXNativeTarget "SwiftModelKVCExampleTests" */;
			buildPhases = (
				03318B9D1ED5A89E003DE862 /* Sources */,
				03318B9E1ED5A89E003DE862 /* Frameworks */,
				03318B9F1ED5A89E003DE862 /* Resources */,
			);
			buildRules = (
			);
			dependencies = (
				03318BA31ED5A89E003DE862 /* PBXTargetDependency */,
			);
			name = SwiftModelKVCExampleTests;
			productName = SwiftModelKVCExampleTests;
			productReference = 03318BA11ED5A89E003DE862 /* SwiftModelKVCExampleTests.xctest */;
			productType = "com.apple.product-type.bundle.unit-test";
		};
		03318BAB1ED5A89E003DE862 /* SwiftModelKVCExampleUITests */ = {
			isa = PBXNativeTarget;
			buildConfigurationList = 03318BBB1ED5A89E003DE862 /* Build configuration list for PBXNativeTarget "SwiftModelKVCExampleUITests" */;
			buildPhases = (
				03318BA81ED5A89E003DE862 /* Sources */,
				03318BA91ED5A89E003DE862 /* Frameworks */,
				03318BAA1ED5A89E003DE862 /* Resources */,
			);
			buildRules = (
			);
			dependencies = (
				03318BAE1ED5A89E003DE862 /* PBXTargetDependency */,
			);
			name = SwiftModelKVCExampleUITests;
			productName = SwiftModelKVCExampleUITests;
			productReference = 03318BAC1ED5A89E003DE862 /* SwiftModelKVCExampleUITests.xctest */;
			productType = "com.apple.product-type.bundle.ui-testing";
		};
/* End PBXNativeTarget section */

/* Begin PBXProject section */
		03318B851ED5A89E003DE862 /* Project object */ = {
			isa = PBXProject;
			attributes = {
				LastSwiftUpdateCheck = 0830;
				LastUpgradeCheck = 0830;
				ORGANIZATIONNAME = "龚浩";
				TargetAttributes = {
					03318B8C1ED5A89E003DE862 = {
						CreatedOnToolsVersion = 8.3.2;
						DevelopmentTeam = 4DDY242R68;
						ProvisioningStyle = Automatic;
					};
					03318BA01ED5A89E003DE862 = {
						CreatedOnToolsVersion = 8.3.2;
						DevelopmentTeam = 4DDY242R68;
						ProvisioningStyle = Automatic;
						TestTargetID = 03318B8C1ED5A89E003DE862;
					};
					03318BAB1ED5A89E003DE862 = {
						CreatedOnToolsVersion = 8.3.2;
						DevelopmentTeam = 4DDY242R68;
						ProvisioningStyle = Automatic;
						TestTargetID = 03318B8C1ED5A89E003DE862;
					};
				};
			};
			buildConfigurationList = 03318B881ED5A89E003DE862 /* Build configuration list for PBXProject "SwiftModelKVCExample" */;
			compatibilityVersion = "Xcode 3.2";
			developmentRegion = English;
			hasScannedForEncodings = 0;
			knownRegions = (
				en,
				Base,
			);
			mainGroup = 03318B841ED5A89E003DE862;
			productRefGroup = 03318B8E1ED5A89E003DE862 /* Products */;
			projectDirPath = "";
			projectRoot = "";
			targets = (
				03318B8C1ED5A89E003DE862 /* SwiftModelKVCExample */,
				03318BA01ED5A89E003DE862 /* SwiftModelKVCExampleTests */,
				03318BAB1ED5A89E003DE862 /* SwiftModelKVCExampleUITests */,
			);
		};
/* End PBXProject section */

/* Begin PBXResourcesBuildPhase section */
		03318B8B1ED5A89E003DE862 /* Resources */ = {
			isa = PBXResourcesBuildPhase;
			buildActionMask = 2147483647;
			files = (
				03318B9B1ED5A89E003DE862 /* LaunchScreen.storyboard in Resources */,
				03318B981ED5A89E003DE862 /* Assets.xcassets in Resources */,
				03318B961ED5A89E003DE862 /* Main.storyboard in Resources */,
			);
			runOnlyForDeploymentPostprocessing = 0;
		};
		03318B9F1ED5A89E003DE862 /* Resources */ = {
			isa = PBXResourcesBuildPhase;
			buildActionMask = 2147483647;
			files = (
			);
			runOnlyForDeploymentPostprocessing = 0;
		};
		03318BAA1ED5A89E003DE862 /* Resources */ = {
			isa = PBXResourcesBuildPhase;
			buildActionMask = 2147483647;
			files = (
			);
			runOnlyForDeploymentPostprocessing = 0;
		};
/* End PBXResourcesBuildPhase section */

/* Begin PBXSourcesBuildPhase section */
		03318B891ED5A89E003DE862 /* Sources */ = {
			isa = PBXSourcesBuildPhase;
			buildActionMask = 2147483647;
			files = (
				03318B931ED5A89E003DE862 /* ViewController.swift in Sources */,
				03318B911ED5A89E003DE862 /* AppDelegate.swift in Sources */,
			);
			runOnlyForDeploymentPostprocessing = 0;
		};
		03318B9D1ED5A89E003DE862 /* Sources */ = {
			isa = PBXSourcesBuildPhase;
			buildActionMask = 2147483647;
			files = (
				03318BA61ED5A89E003DE862 /* SwiftModelKVCExampleTests.swift in Sources */,
			);
			runOnlyForDeploymentPostprocessing = 0;
		};
		03318BA81ED5A89E003DE862 /* Sources */ = {
			isa = PBXSourcesBuildPhase;
			buildActionMask = 2147483647;
			files = (
				03318BB11ED5A89E003DE862 /* SwiftModelKVCExampleUITests.swift in Sources */,
			);
			runOnlyForDeploymentPostprocessing = 0;
		};
/* End PBXSourcesBuildPhase section */

/* Begin PBXTargetDependency section */
		03318BA31ED5A89E003DE862 /* PBXTargetDependency */ = {
			isa = PBXTargetDependency;
			target = 03318B8C1ED5A89E003DE862 /* SwiftModelKVCExample */;
			targetProxy = 03318BA21ED5A89E003DE862 /* PBXContainerItemProxy */;
		};
		03318BAE1ED5A89E003DE862 /* PBXTargetDependency */ = {
			isa = PBXTargetDependency;
			target = 03318B8C1ED5A89E003DE862 /* SwiftModelKVCExample */;
			targetProxy = 03318BAD1ED5A89E003DE862 /* PBXContainerItemProxy */;
		};
/* End PBXTargetDependency section */

/* Begin PBXVariantGroup section */
		03318B941ED5A89E003DE862 /* Main.storyboard */ = {
			isa = PBXVariantGroup;
			children = (
				03318B951ED5A89E003DE862 /* Base */,
			);
			name = Main.storyboard;
			sourceTree = "<group>";
		};
		03318B991ED5A89E003DE862 /* LaunchScreen.storyboard */ = {
			isa = PBXVariantGroup;
			children = (
				03318B9A1ED5A89E003DE862 /* Base */,
			);
			name = LaunchScreen.storyboard;
			sourceTree = "<group>";
		};
/* End PBXVariantGroup section */

/* Begin XCBuildConfiguration section */
		03318BB31ED5A89E003DE862 /* Debug */ = {
			isa = XCBuildConfiguration;
			buildSettings = {
				ALWAYS_SEARCH_USER_PATHS = NO;
				CLANG_ANALYZER_NONNULL = YES;
				CLANG_ANALYZER_NUMBER_OBJECT_CONVERSION = YES_AGGRESSIVE;
				CLANG_CXX_LANGUAGE_STANDARD = "gnu++0x";
				CLANG_CXX_LIBRARY = "libc++";
				CLANG_ENABLE_MODULES = YES;
				CLANG_ENABLE_OBJC_ARC = YES;
				CLANG_WARN_BOOL_CONVERSION = YES;
				CLANG_WARN_CONSTANT_CONVERSION = YES;
				CLANG_WARN_DIRECT_OBJC_ISA_USAGE = YES_ERROR;
				CLANG_WARN_DOCUMENTATION_COMMENTS = YES;
				CLANG_WARN_EMPTY_BODY = YES;
				CLANG_WARN_ENUM_CONVERSION = YES;
				CLANG_WARN_INFINITE_RECURSION = YES;
				CLANG_WARN_INT_CONVERSION = YES;
				CLANG_WARN_OBJC_ROOT_CLASS = YES_ERROR;
				CLANG_WARN_SUSPICIOUS_MOVE = YES;
				CLANG_WARN_UNREACHABLE_CODE = YES;
				CLANG_WARN__DUPLICATE_METHOD_MATCH = YES;
				"CODE_SIGN_IDENTITY[sdk=iphoneos*]" = "iPhone Developer";
				COPY_PHASE_STRIP = NO;
				DEBUG_INFORMATION_FORMAT = dwarf;
				ENABLE_STRICT_OBJC_MSGSEND = YES;
				ENABLE_TESTABILITY = YES;
				GCC_C_LANGUAGE_STANDARD = gnu99;
				GCC_DYNAMIC_NO_PIC = NO;
				GCC_NO_COMMON_BLOCKS = YES;
				GCC_OPTIMIZATION_LEVEL = 0;
				GCC_PREPROCESSOR_DEFINITIONS = (
					"DEBUG=1",
					"$(inherited)",
				);
				GCC_WARN_64_TO_32_BIT_CONVERSION = YES;
				GCC_WARN_ABOUT_RETURN_TYPE = YES_ERROR;
				GCC_WARN_UNDECLARED_SELECTOR = YES;
				GCC_WARN_UNINITIALIZED_AUTOS = YES_AGGRESSIVE;
				GCC_WARN_UNUSED_FUNCTION = YES;
				GCC_WARN_UNUSED_VARIABLE = YES;
				IPHONEOS_DEPLOYMENT_TARGET = 10.3;
				MTL_ENABLE_DEBUG_INFO = YES;
				ONLY_ACTIVE_ARCH = YES;
				SDKROOT = iphoneos;
				SWIFT_ACTIVE_COMPILATION_CONDITIONS = DEBUG;
				SWIFT_OPTIMIZATION_LEVEL = "-Onone";
				TARGETED_DEVICE_FAMILY = "1,2";
			};
			name = Debug;
		};
		03318BB41ED5A89E003DE862 /* Release */ = {
			isa = XCBuildConfiguration;
			buildSettings = {
				ALWAYS_SEARCH_USER_PATHS = NO;
				CLANG_ANALYZER_NONNULL = YES;
				CLANG_ANALYZER_NUMBER_OBJECT_CONVERSION = YES_AGGRESSIVE;
				CLANG_CXX_LANGUAGE_STANDARD = "gnu++0x";
				CLANG_CXX_LIBRARY = "libc++";
				CLANG_ENABLE_MODULES = YES;
				CLANG_ENABLE_OBJC_ARC = YES;
				CLANG_WARN_BOOL_CONVERSION = YES;
				CLANG_WARN_CONSTANT_CONVERSION = YES;
				CLANG_WARN_DIRECT_OBJC_ISA_USAGE = YES_ERROR;
				CLANG_WARN_DOCUMENTATION_COMMENTS = YES;
				CLANG_WARN_EMPTY_BODY = YES;
				CLANG_WARN_ENUM_CONVERSION = YES;
				CLANG_WARN_INFINITE_RECURSION = YES;
				CLANG_WARN_INT_CONVERSION = YES;
				CLANG_WARN_OBJC_ROOT_CLASS = YES_ERROR;
				CLANG_WARN_SUSPICIOUS_MOVE = YES;
				CLANG_WARN_UNREACHABLE_CODE = YES;
				CLANG_WARN__DUPLICATE_METHOD_MATCH = YES;
				"CODE_SIGN_IDENTITY[sdk=iphoneos*]" = "iPhone Developer";
				COPY_PHASE_STRIP = NO;
				DEBUG_INFORMATION_FORMAT = "dwarf-with-dsym";
				ENABLE_NS_ASSERTIONS = NO;
				ENABLE_STRICT_OBJC_MSGSEND = YES;
				GCC_C_LANGUAGE_STANDARD = gnu99;
				GCC_NO_COMMON_BLOCKS = YES;
				GCC_WARN_64_TO_32_BIT_CONVERSION = YES;
				GCC_WARN_ABOUT_RETURN_TYPE = YES_ERROR;
				GCC_WARN_UNDECLARED_SELECTOR = YES;
				GCC_WARN_UNINITIALIZED_AUTOS = YES_AGGRESSIVE;
				GCC_WARN_UNUSED_FUNCTION = YES;
				GCC_WARN_UNUSED_VARIABLE = YES;
				IPHONEOS_DEPLOYMENT_TARGET = 10.3;
				MTL_ENABLE_DEBUG_INFO = NO;
				SDKROOT = iphoneos;
				SWIFT_OPTIMIZATION_LEVEL = "-Owholemodule";
				TARGETED_DEVICE_FAMILY = "1,2";
				VALIDATE_PRODUCT = YES;
			};
			name = Release;
		};
		03318BB61ED5A89E003DE862 /* Debug */ = {
			isa = XCBuildConfiguration;
			buildSettings = {
				ASSETCATALOG_COMPILER_APPICON_NAME = AppIcon;
				DEVELOPMENT_TEAM = 4DDY242R68;
				INFOPLIST_FILE = SwiftModelKVCExample/Info.plist;
				LD_RUNPATH_SEARCH_PATHS = "$(inherited) @executable_path/Frameworks";
				PRODUCT_BUNDLE_IDENTIFIER = gonghao.SwiftModelKVCExample;
				PRODUCT_NAME = "$(TARGET_NAME)";
				SWIFT_VERSION = 3.0;
			};
			name = Debug;
		};
		03318BB71ED5A89E003DE862 /* Release */ = {
			isa = XCBuildConfiguration;
			buildSettings = {
				ASSETCATALOG_COMPILER_APPICON_NAME = AppIcon;
				DEVELOPMENT_TEAM = 4DDY242R68;
				INFOPLIST_FILE = SwiftModelKVCExample/Info.plist;
				LD_RUNPATH_SEARCH_PATHS = "$(inherited) @executable_path/Frameworks";
				PRODUCT_BUNDLE_IDENTIFIER = gonghao.SwiftModelKVCExample;
				PRODUCT_NAME = "$(TARGET_NAME)";
				SWIFT_VERSION = 3.0;
			};
			name = Release;
		};
		03318BB91ED5A89E003DE862 /* Debug */ = {
			isa = XCBuildConfiguration;
			buildSettings = {
				ALWAYS_EMBED_SWIFT_STANDARD_LIBRARIES = YES;
				BUNDLE_LOADER = "$(TEST_HOST)";
				DEVELOPMENT_TEAM = 4DDY242R68;
				INFOPLIST_FILE = SwiftModelKVCExampleTests/Info.plist;
				LD_RUNPATH_SEARCH_PATHS = "$(inherited) @executable_path/Frameworks @loader_path/Frameworks";
				PRODUCT_BUNDLE_IDENTIFIER = gonghao.SwiftModelKVCExampleTests;
				PRODUCT_NAME = "$(TARGET_NAME)";
				SWIFT_VERSION = 3.0;
				TEST_HOST = "$(BUILT_PRODUCTS_DIR)/SwiftModelKVCExample.app/SwiftModelKVCExample";
			};
			name = Debug;
		};
		03318BBA1ED5A89E003DE862 /* Release */ = {
			isa = XCBuildConfiguration;
			buildSettings = {
				ALWAYS_EMBED_SWIFT_STANDARD_LIBRARIES = YES;
				BUNDLE_LOADER = "$(TEST_HOST)";
				DEVELOPMENT_TEAM = 4DDY242R68;
				INFOPLIST_FILE = SwiftModelKVCExampleTests/Info.plist;
				LD_RUNPATH_SEARCH_PATHS = "$(inherited) @executable_path/Frameworks @loader_path/Frameworks";
				PRODUCT_BUNDLE_IDENTIFIER = gonghao.SwiftModelKVCExampleTests;
				PRODUCT_NAME = "$(TARGET_NAME)";
				SWIFT_VERSION = 3.0;
				TEST_HOST = "$(BUILT_PRODUCTS_DIR)/SwiftModelKVCExample.app/SwiftModelKVCExample";
			};
			name = Release;
		};
		03318BBC1ED5A89E003DE862 /* Debug */ = {
			isa = XCBuildConfiguration;
			buildSettings = {
				ALWAYS_EMBED_SWIFT_STANDARD_LIBRARIES = YES;
				DEVELOPMENT_TEAM = 4DDY242R68;
				INFOPLIST_FILE = SwiftModelKVCExampleUITests/Info.plist;
				LD_RUNPATH_SEARCH_PATHS = "$(inherited) @executable_path/Frameworks @loader_path/Frameworks";
				PRODUCT_BUNDLE_IDENTIFIER = gonghao.SwiftModelKVCExampleUITests;
				PRODUCT_NAME = "$(TARGET_NAME)";
				SWIFT_VERSION = 3.0;
				TEST_TARGET_NAME = SwiftModelKVCExample;
			};
			name = Debug;
		};
		03318BBD1ED5A89E003DE862 /* Release */ = {
			isa = XCBuildConfiguration;
			buildSettings = {
				ALWAYS_EMBED_SWIFT_STANDARD_LIBRARIES = YES;
				DEVELOPMENT_TEAM = 4DDY242R68;
				INFOPLIST_FILE = SwiftModelKVCExampleUITests/Info.plist;
				LD_RUNPATH_SEARCH_PATHS = "$(inherited) @executable_path/Frameworks @loader_path/Frameworks";
				PRODUCT_BUNDLE_IDENTIFIER = gonghao.SwiftModelKVCExampleUITests;
				PRODUCT_NAME = "$(TARGET_NAME)";
				SWIFT_VERSION = 3.0;
				TEST_TARGET_NAME = SwiftModelKVCExample;
			};
			name = Release;
		};
/* End XCBuildConfiguration section */

/* Begin XCConfigurationList section */
		03318B881ED5A89E003DE862 /* Build configuration list for PBXProject "SwiftModelKVCExample" */ = {
			isa = XCConfigurationList;
			buildConfigurations = (
				03318BB31ED5A89E003DE862 /* Debug */,
				03318BB41ED5A89E003DE862 /* Release */,
			);
			defaultConfigurationIsVisible = 0;
			defaultConfigurationName = Release;
		};
		03318BB51ED5A89E003DE862 /* Build configuration list for PBXNativeTarget "SwiftModelKVCExample" */ = {
			isa = XCConfigurationList;
			buildConfigurations = (
				03318BB61ED5A89E003DE862 /* Debug */,
				03318BB71ED5A89E003DE862 /* Release */,
			);
			defaultConfigurationIsVisible = 0;
		};
		03318BB81ED5A89E003DE862 /* Build configuration list for PBXNativeTarget "SwiftModelKVCExampleTests" */ = {
			isa = XCConfigurationList;
			buildConfigurations = (
				03318BB91ED5A89E003DE862 /* Debug */,
				03318BBA1ED5A89E003DE862 /* Release */,
			);
			defaultConfigurationIsVisible = 0;
		};
		03318BBB1ED5A89E003DE862 /* Build configuration list for PBXNativeTarget "SwiftModelKVCExampleUITests" */ = {
			isa = XCConfigurationList;
			buildConfigurations = (
				03318BBC1ED5A89E003DE862 /* Debug */,
				03318BBD1ED5A89E003DE862 /* Release */,
			);
			defaultConfigurationIsVisible = 0;
		};
/* End XCConfigurationList section */
	};
	rootObject = 03318B851ED5A89E003DE862 /* Project object */;
}
